// !$*UTF8*$!
{ archiveVersion = 1; classes = {}; objectVersion = 56; objects = {
7D9E9146B13739C5C4C536F3 = { isa = PBXFileReference; lastKnownFileType = sourcecode.swift; path = "StereoStudio/App/StereoStudioApp.swift"; sourceTree = SOURCE_ROOT; };
FAFC3F60381CD5CDC7CF5C9C = { isa = PBXBuildFile; fileRef = 7D9E9146B13739C5C4C536F3; };
E95C01C423841543006FE11C = { isa = PBXFileReference; lastKnownFileType = sourcecode.swift; path = "StereoStudio/Depth/DepthSession.swift"; sourceTree = SOURCE_ROOT; };
5AB02E950F9EF08F8C02D376 = { isa = PBXBuildFile; fileRef = E95C01C423841543006FE11C; };
D289B5A051F96F395F42BF77 = { isa = PBXFileReference; lastKnownFileType = sourcecode.swift; path = "StereoStudio/Depth/DepthView.swift"; sourceTree = SOURCE_ROOT; };
BA0A8EFF10F0F0560B6A744C = { isa = PBXBuildFile; fileRef = D289B5A051F96F395F42BF77; };
7C6DECB6D021CDB796F41425 = { isa = PBXFileReference; lastKnownFileType = text.plist.xml; path = "StereoStudio/Info.plist"; sourceTree = SOURCE_ROOT; };
48CD3AA47554DE8E096CB694 = { isa = PBXFileReference; lastKnownFileType = sourcecode.swift; path = "StereoStudio/Network/APIClient.swift"; sourceTree = SOURCE_ROOT; };
962FB1F1E4D5A773077DB680 = { isa = PBXBuildFile; fileRef = 48CD3AA47554DE8E096CB694; };
55AF17B0C25F975A59665ED9 = { isa = PBXFileReference; lastKnownFileType = sourcecode.swift; path = "StereoStudio/Player/LibraryModel.swift"; sourceTree = SOURCE_ROOT; };
962DE1DD24D00D6D0D050F7A = { isa = PBXBuildFile; fileRef = 55AF17B0C25F975A59665ED9; };
73072DFFB1299C109746F22B = { isa = PBXFileReference; lastKnownFileType = sourcecode.swift; path = "StereoStudio/Player/LibraryView.swift"; sourceTree = SOURCE_ROOT; };
7C67EC6FF1981124E23A37A2 = { isa = PBXBuildFile; fileRef = 73072DFFB1299C109746F22B; };
9E12B08D1E3BAF1D1992C2D0 = { isa = PBXFileReference; lastKnownFileType = sourcecode.swift; path = "StereoStudio/Player/MediaLibraryStore.swift"; sourceTree = SOURCE_ROOT; };
CC93E0687CAAADF2D3A5344E = { isa = PBXBuildFile; fileRef = 9E12B08D1E3BAF1D1992C2D0; };
02069BC035F2BDB416D647E0 = { isa = PBXFileReference; lastKnownFileType = sourcecode.swift; path = "StereoStudio/Remote/ControlChannel.swift"; sourceTree = SOURCE_ROOT; };
DECE77350DA7B8D5B4EC6A7A = { isa = PBXBuildFile; fileRef = 02069BC035F2BDB416D647E0; };
A740676A63FBD7A20DB561B8 = { isa = PBXFileReference; lastKnownFileType = sourcecode.swift; path = "StereoStudio/Remote/ControlSession.swift"; sourceTree = SOURCE_ROOT; };
F46A2FFF9D5CCE8C0436146C = { isa = PBXBuildFile; fileRef = A740676A63FBD7A20DB561B8; };
9D5E4BE01BBDBD3518594D9C = { isa = PBXFileReference; lastKnownFileType = sourcecode.swift; path = "StereoStudio/Remote/FrameMailbox.swift"; sourceTree = SOURCE_ROOT; };
15429C9A2123D74B74EDD5FF = { isa = PBXBuildFile; fileRef = 9D5E4BE01BBDBD3518594D9C; };
60D3F1FCEE73D8CAB55648DF = { isa = PBXFileReference; lastKnownFileType = sourcecode.swift; path = "StereoStudio/Remote/HeadPose.swift"; sourceTree = SOURCE_ROOT; };
BBC1F9DEAD2ED80DF8CCDB82 = { isa = PBXBuildFile; fileRef = 60D3F1FCEE73D8CAB55648DF; };
53E18188B077A5E704F8656C = { isa = PBXFileReference; lastKnownFileType = sourcecode.swift; path = "StereoStudio/Remote/RemoteModel.swift"; sourceTree = SOURCE_ROOT; };
BCA61955EC6A80716628A1DC = { isa = PBXBuildFile; fileRef = 53E18188B077A5E704F8656C; };
B152D730FF5B19E38BA2C9F7 = { isa = PBXFileReference; lastKnownFileType = sourcecode.swift; path = "StereoStudio/Remote/RemoteView.swift"; sourceTree = SOURCE_ROOT; };
226C4C4EE8ED95FB5EB9A46F = { isa = PBXBuildFile; fileRef = B152D730FF5B19E38BA2C9F7; };
B1D0AB2008903948EA04C1C7 = { isa = PBXFileReference; lastKnownFileType = sourcecode.swift; path = "StereoStudio/Remote/StereoSpace.swift"; sourceTree = SOURCE_ROOT; };
5E60A13D2CF6C17213953BBB = { isa = PBXBuildFile; fileRef = B1D0AB2008903948EA04C1C7; };
F38D77B8B0CCCFA248168567 = { isa = PBXFileReference; lastKnownFileType = sourcecode.swift; path = "StereoStudio/Remote/StereoTextures.swift"; sourceTree = SOURCE_ROOT; };
1F077EEF4AF66D8E5CD211B7 = { isa = PBXBuildFile; fileRef = F38D77B8B0CCCFA248168567; };
F06F032E9FF2ACCCB368CD61 = { isa = PBXFileReference; lastKnownFileType = sourcecode.swift; path = "StereoStudio/Remote/StereoVideoSession.swift"; sourceTree = SOURCE_ROOT; };
7B97788ED4649790C89E5A87 = { isa = PBXBuildFile; fileRef = F06F032E9FF2ACCCB368CD61; };
622AE1819CD9C3AF66BF8A9E = { isa = PBXFileReference; lastKnownFileType = text; path = "StereoStudio/Resources/StereoMaterial.usda"; sourceTree = SOURCE_ROOT; };
C98A488CEB97CB9EC30573B8 = { isa = PBXBuildFile; fileRef = 622AE1819CD9C3AF66BF8A9E; };
1C48CE29E4E135EE62951B22 = { isa = PBXGroup; children = (7D9E9146B13739C5C4C536F3,); name = "App"; sourceTree = "<group>"; };
F6EB1121FF6BD67DBE1761F2 = { isa = PBXGroup; children = (E95C01C423841543006FE11C,D289B5A051F96F395F42BF77,); name = "Depth"; sourceTree = "<group>"; };
C23108729D1809B8323E9806 = { isa = PBXGroup; children = (7C6DECB6D021CDB796F41425,); name = "Configuration"; sourceTree = "<group>"; };
5C52C8FF9A60ABFA40C4E357 = { isa = PBXGroup; children = (48CD3AA47554DE8E096CB694,); name = "Network"; sourceTree = "<group>"; };
B16333092042C31021D68F1F = { isa = PBXGroup; children = (55AF17B0C25F975A59665ED9,73072DFFB1299C109746F22B,9E12B08D1E3BAF1D1992C2D0,); name = "Player"; sourceTree = "<group>"; };
E6C7510201DF5CB4A61B5E25 = { isa = PBXGroup; children = (02069BC035F2BDB416D647E0,A740676A63FBD7A20DB561B8,9D5E4BE01BBDBD3518594D9C,60D3F1FCEE73D8CAB55648DF,53E18188B077A5E704F8656C,B152D730FF5B19E38BA2C9F7,B1D0AB2008903948EA04C1C7,F38D77B8B0CCCFA248168567,F06F032E9FF2ACCCB368CD61,); name = "Remote"; sourceTree = "<group>"; };
A024F06580C79B7582C3806A = { isa = PBXGroup; children = (622AE1819CD9C3AF66BF8A9E,); name = "Resources"; sourceTree = "<group>"; };
4706C637C408A18864E419F7 = { isa = PBXFileReference; lastKnownFileType = sourcecode.swift; path = "StereoStudioTests/LocalIntegrationTests.swift"; sourceTree = SOURCE_ROOT; };
38A5B01A06061296ABDEBD88 = { isa = PBXBuildFile; fileRef = 4706C637C408A18864E419F7; };
C0C7121815A064615F1A2112 = { isa = PBXFileReference; lastKnownFileType = sourcecode.swift; path = "StereoStudioTests/PlayerTests.swift"; sourceTree = SOURCE_ROOT; };
BFFA923BAAB4ACE80E3A4F2F = { isa = PBXBuildFile; fileRef = C0C7121815A064615F1A2112; };
947F738EBDCC4E7EC7AAA0A5 = { isa = PBXFileReference; lastKnownFileType = sourcecode.swift; path = "StereoStudioTests/SessionTests.swift"; sourceTree = SOURCE_ROOT; };
C36637482C2690502C0A34D3 = { isa = PBXBuildFile; fileRef = 947F738EBDCC4E7EC7AAA0A5; };
156052F04525D0F710673CF0 = { isa = PBXGroup; children = (4706C637C408A18864E419F7,C0C7121815A064615F1A2112,947F738EBDCC4E7EC7AAA0A5); name = StereoStudioTests; sourceTree = "<group>"; };
38A007151ABE87CC01A5B6E9 = { isa = PBXFileReference; explicitFileType = wrapper.application; path = StereoStudio.app; sourceTree = BUILT_PRODUCTS_DIR; };
6C7CCDEB3609F1FAA874E941 = { isa = PBXFileReference; explicitFileType = wrapper.cfbundle; path = StereoStudioTests.xctest; sourceTree = BUILT_PRODUCTS_DIR; };
FBDC4F23F93125BBEEAE800C = { isa = PBXGroup; children = (38A007151ABE87CC01A5B6E9, 6C7CCDEB3609F1FAA874E941,); name = Products; sourceTree = "<group>"; };
325F10A6957A34D66CB8C0E4 = { isa = PBXGroup; children = (1C48CE29E4E135EE62951B22,F6EB1121FF6BD67DBE1761F2,C23108729D1809B8323E9806,5C52C8FF9A60ABFA40C4E357,B16333092042C31021D68F1F,E6C7510201DF5CB4A61B5E25,A024F06580C79B7582C3806A,156052F04525D0F710673CF0,FBDC4F23F93125BBEEAE800C,); sourceTree = "<group>"; };
BCE16DD0260827ECF338C787 = { isa = PBXSourcesBuildPhase; buildActionMask = 2147483647; files = (FAFC3F60381CD5CDC7CF5C9C,5AB02E950F9EF08F8C02D376,BA0A8EFF10F0F0560B6A744C,962FB1F1E4D5A773077DB680,962DE1DD24D00D6D0D050F7A,7C67EC6FF1981124E23A37A2,CC93E0687CAAADF2D3A5344E,DECE77350DA7B8D5B4EC6A7A,F46A2FFF9D5CCE8C0436146C,15429C9A2123D74B74EDD5FF,BBC1F9DEAD2ED80DF8CCDB82,BCA61955EC6A80716628A1DC,226C4C4EE8ED95FB5EB9A46F,5E60A13D2CF6C17213953BBB,1F077EEF4AF66D8E5CD211B7,7B97788ED4649790C89E5A87,); runOnlyForDeploymentPostprocessing = 0; };
0189424A5A60FED329FA868E = { isa = PBXResourcesBuildPhase; buildActionMask = 2147483647; files = (C98A488CEB97CB9EC30573B8,); runOnlyForDeploymentPostprocessing = 0; };
77A03FEE20FE96AD9384861E = { isa = PBXSourcesBuildPhase; buildActionMask = 2147483647; files = (38A5B01A06061296ABDEBD88,BFFA923BAAB4ACE80E3A4F2F,C36637482C2690502C0A34D3); runOnlyForDeploymentPostprocessing = 0; };
E05DB79C430AA1B0BA487AFC = { isa = PBXFrameworksBuildPhase; buildActionMask = 2147483647; files = (); runOnlyForDeploymentPostprocessing = 0; };
38E582A20993C38E3E065F6A = { isa = XCRemoteSwiftPackageReference; repositoryURL = "https://github.com/livekit/client-sdk-swift.git"; requirement = {kind = exactVersion; version = 2.17.0;}; };
931A0296DCF052DA2F38E241 = { isa = XCSwiftPackageProductDependency; package = 38E582A20993C38E3E065F6A; productName = LiveKit; };
4926677B4F8B8665B2FC3F91 = { isa = PBXBuildFile; productRef = 931A0296DCF052DA2F38E241; };
7561BFB015D8F536760CB671 = { isa = PBXFrameworksBuildPhase; buildActionMask = 2147483647; files = (4926677B4F8B8665B2FC3F91,); runOnlyForDeploymentPostprocessing = 0; };
ED8772ADEC3A6C25161BC957 = { isa = XCBuildConfiguration; name = Debug; buildSettings = { CLANG_ENABLE_MODULES = YES; SDKROOT = xros; XROS_DEPLOYMENT_TARGET = 2.0; ENABLE_TESTABILITY = YES; DEBUG_INFORMATION_FORMAT = dwarf; ONLY_ACTIVE_ARCH = YES; "EXCLUDED_ARCHS[sdk=xrsimulator*]" = x86_64; }; };
4D8F54E7CBAF670D9F6C230D = { isa = XCBuildConfiguration; name = Debug; buildSettings = {
        PRODUCT_NAME = "$(TARGET_NAME)"; PRODUCT_BUNDLE_IDENTIFIER = "io.bakebread.StereoStudio";
        INFOPLIST_FILE = StereoStudio/Info.plist; GENERATE_INFOPLIST_FILE = NO;
        SWIFT_VERSION = 5.0; SWIFT_STRICT_CONCURRENCY = targeted; SWIFT_OPTIMIZATION_LEVEL = "-Onone";
        TARGETED_DEVICE_FAMILY = 7; SUPPORTED_PLATFORMS = "xros xrsimulator";
        CODE_SIGN_STYLE = Automatic; CURRENT_PROJECT_VERSION = 1; MARKETING_VERSION = 0.1.0;
        LD_RUNPATH_SEARCH_PATHS = "$(inherited) @executable_path/Frameworks";
        ENABLE_USER_SCRIPT_SANDBOXING = YES;
    }; };
DF53765BF9D03B65CB04A4C8 = { isa = XCBuildConfiguration; name = Debug; buildSettings = {
        PRODUCT_NAME = "$(TARGET_NAME)"; PRODUCT_BUNDLE_IDENTIFIER = "io.bakebread.StereoStudio.Tests";
        GENERATE_INFOPLIST_FILE = YES; SWIFT_VERSION = 5.0; SWIFT_STRICT_CONCURRENCY = targeted;
        SWIFT_OPTIMIZATION_LEVEL = "-Onone"; TARGETED_DEVICE_FAMILY = 7;
        SUPPORTED_PLATFORMS = "xros xrsimulator"; CODE_SIGN_STYLE = Automatic;
        TEST_HOST = "$(BUILT_PRODUCTS_DIR)/StereoStudio.app/StereoStudio";
        BUNDLE_LOADER = "$(TEST_HOST)";
        LD_RUNPATH_SEARCH_PATHS = "$(inherited) @executable_path/Frameworks @loader_path/Frameworks";
    }; };
00F209874A1F7309F6DCEAA7 = { isa = XCBuildConfiguration; name = Release; buildSettings = { CLANG_ENABLE_MODULES = YES; SDKROOT = xros; XROS_DEPLOYMENT_TARGET = 2.0; ENABLE_TESTABILITY = NO; DEBUG_INFORMATION_FORMAT = dwarf; ONLY_ACTIVE_ARCH = NO; "EXCLUDED_ARCHS[sdk=xrsimulator*]" = x86_64; }; };
1A6EFC2CD0AF63DD14BE0438 = { isa = XCBuildConfiguration; name = Release; buildSettings = {
        PRODUCT_NAME = "$(TARGET_NAME)"; PRODUCT_BUNDLE_IDENTIFIER = "io.bakebread.StereoStudio";
        INFOPLIST_FILE = StereoStudio/Info.plist; GENERATE_INFOPLIST_FILE = NO;
        SWIFT_VERSION = 5.0; SWIFT_STRICT_CONCURRENCY = targeted; SWIFT_OPTIMIZATION_LEVEL = "-O";
        TARGETED_DEVICE_FAMILY = 7; SUPPORTED_PLATFORMS = "xros xrsimulator";
        CODE_SIGN_STYLE = Automatic; CURRENT_PROJECT_VERSION = 1; MARKETING_VERSION = 0.1.0;
        LD_RUNPATH_SEARCH_PATHS = "$(inherited) @executable_path/Frameworks";
        ENABLE_USER_SCRIPT_SANDBOXING = YES;
    }; };
04B042A5E7A3FDC0670ED689 = { isa = XCBuildConfiguration; name = Release; buildSettings = {
        PRODUCT_NAME = "$(TARGET_NAME)"; PRODUCT_BUNDLE_IDENTIFIER = "io.bakebread.StereoStudio.Tests";
        GENERATE_INFOPLIST_FILE = YES; SWIFT_VERSION = 5.0; SWIFT_STRICT_CONCURRENCY = targeted;
        SWIFT_OPTIMIZATION_LEVEL = "-O"; TARGETED_DEVICE_FAMILY = 7;
        SUPPORTED_PLATFORMS = "xros xrsimulator"; CODE_SIGN_STYLE = Automatic;
        TEST_HOST = "$(BUILT_PRODUCTS_DIR)/StereoStudio.app/StereoStudio";
        BUNDLE_LOADER = "$(TEST_HOST)";
        LD_RUNPATH_SEARCH_PATHS = "$(inherited) @executable_path/Frameworks @loader_path/Frameworks";
    }; };
640DC9EFD529235A8D9E2727 = { isa = XCConfigurationList; buildConfigurations = (ED8772ADEC3A6C25161BC957, 00F209874A1F7309F6DCEAA7,); defaultConfigurationIsVisible = 0; defaultConfigurationName = Release; };
976B52545947CA66FD9EF2A4 = { isa = XCConfigurationList; buildConfigurations = (4D8F54E7CBAF670D9F6C230D, 1A6EFC2CD0AF63DD14BE0438,); defaultConfigurationIsVisible = 0; defaultConfigurationName = Release; };
52AD4600EC3994E0CD3216B8 = { isa = XCConfigurationList; buildConfigurations = (DF53765BF9D03B65CB04A4C8, 04B042A5E7A3FDC0670ED689,); defaultConfigurationIsVisible = 0; defaultConfigurationName = Release; };
0E8A3AD980EC179856012B7E = { isa = PBXNativeTarget; buildConfigurationList = 976B52545947CA66FD9EF2A4;
    buildPhases = (BCE16DD0260827ECF338C787, 7561BFB015D8F536760CB671, 0189424A5A60FED329FA868E,); buildRules = (); dependencies = ();
    name = StereoStudio; productName = StereoStudio; productReference = 38A007151ABE87CC01A5B6E9;
    productType = "com.apple.product-type.application"; packageProductDependencies = (931A0296DCF052DA2F38E241,); };
7E85D4A68785761E1DBB22D8 = { isa = PBXContainerItemProxy; containerPortal = 98F54143AB4E86B28C3AFEE0; proxyType = 1; remoteGlobalIDString = 0E8A3AD980EC179856012B7E; remoteInfo = StereoStudio; };
BAE932EF166B50AB877FDC6F = { isa = PBXTargetDependency; target = 0E8A3AD980EC179856012B7E; targetProxy = 7E85D4A68785761E1DBB22D8; };
04D13FD0AA6F0197CF2C9990 = { isa = PBXNativeTarget; buildConfigurationList = 52AD4600EC3994E0CD3216B8;
    buildPhases = (77A03FEE20FE96AD9384861E, E05DB79C430AA1B0BA487AFC,); buildRules = ();
    dependencies = (BAE932EF166B50AB877FDC6F,); name = StereoStudioTests; productName = StereoStudioTests;
    productReference = 6C7CCDEB3609F1FAA874E941; productType = "com.apple.product-type.bundle.unit-test"; };
98F54143AB4E86B28C3AFEE0 = { isa = PBXProject; attributes = { LastUpgradeCheck = 1630; };
    buildConfigurationList = 640DC9EFD529235A8D9E2727; compatibilityVersion = "Xcode 14.0";
    developmentRegion = en; knownRegions = (en, Base, "zh-Hans"); mainGroup = 325F10A6957A34D66CB8C0E4;
    productRefGroup = FBDC4F23F93125BBEEAE800C; projectDirPath = ""; projectRoot = "";
    targets = (0E8A3AD980EC179856012B7E, 04D13FD0AA6F0197CF2C9990,); packageReferences = (38E582A20993C38E3E065F6A,); };
}; rootObject = 98F54143AB4E86B28C3AFEE0; }
